
Microsoft Visual Studio Solution File, Format Version 12.00
# Visual Studio Version 16
VisualStudioVersion = 16.0.31515.178
MinimumVisualStudioVersion = 10.0.40219.1
Project("{F184B08F-C81C-45F6-A57F-5ABD9991F28F}") = "201214134_CINE", "201214134_CINE\201214134_CINE.vbproj", "{BCC6FC67-FB44-44F5-8AE9-037A7A77AB51}"
EndProject
Global
	GlobalSection(SolutionConfigurationPlatforms) = preSolution
		Debug|Any CPU = Debug|Any CPU
		Release|Any CPU = Release|Any CPU
	EndGlobalSection
	GlobalSection(ProjectConfigurationPlatforms) = postSolution
		{BCC6FC67-FB44-44F5-8AE9-037A7A77AB51}.Debug|Any CPU.ActiveCfg = Debug|Any CPU
		{BCC6FC67-FB44-44F5-8AE9-037A7A77AB51}.Debug|Any CPU.Build.0 = Debug|Any CPU
		{BCC6FC67-FB44-44F5-8AE9-037A7A77AB51}.Release|Any CPU.ActiveCfg = Release|Any CPU
		{BCC6FC67-FB44-44F5-8AE9-037A7A77AB51}.Release|Any CPU.Build.0 = Release|Any CPU
	EndGlobalSection
	GlobalSection(SolutionProperties) = preSolution
		HideSolutionNode = FALSE
	EndGlobalSection
	GlobalSection(ExtensibilityGlobals) = postSolution
		SolutionGuid = {0748722D-6C16-4F84-AE6A-A3AF2007C666}
	EndGlobalSection
EndGlobal
